
Microsoft Visual Studio Solution File, Format Version 12.00
# Visual Studio Version 17
VisualStudioVersion = 17.10.35027.167
MinimumVisualStudioVersion = 10.0.40219.1
Project("{FAE04EC0-301F-11D3-BF4B-00C04F79EFBC}") = "Proyecto_U1_Benalcazar_Revilla_Castillo", "Proyecto_U1_Benalcazar_Revilla_Castillo.csproj", "{19B00377-25EE-4D46-AA24-ABF7C195F2AF}"
EndProject
Global
	GlobalSection(SolutionConfigurationPlatforms) = preSolution
		Debug|Any CPU = Debug|Any CPU
		Release|Any CPU = Release|Any CPU
	EndGlobalSection
	GlobalSection(ProjectConfigurationPlatforms) = postSolution
		{19B00377-25EE-4D46-AA24-ABF7C195F2AF}.Debug|Any CPU.ActiveCfg = Debug|Any CPU
		{19B00377-25EE-4D46-AA24-ABF7C195F2AF}.Debug|Any CPU.Build.0 = Debug|Any CPU
		{19B00377-25EE-4D46-AA24-ABF7C195F2AF}.Release|Any CPU.ActiveCfg = Release|Any CPU
		{19B00377-25EE-4D46-AA24-ABF7C195F2AF}.Release|Any CPU.Build.0 = Release|Any CPU
	EndGlobalSection
	GlobalSection(SolutionProperties) = preSolution
		HideSolutionNode = FALSE
	EndGlobalSection
	GlobalSection(ExtensibilityGlobals) = postSolution
		SolutionGuid = {9BD25954-CAE3-4CE3-A14C-5867525FA870}
	EndGlobalSection
EndGlobal
